// !$*UTF8*$!
{
	archiveVersion = 1;
	classes = {
	};
	objectVersion = 56;
	objects = {

/* Begin PBXBuildFile section */
		CC77CEC72B7DBC93007B4CB5 /* BokuTasksApp.swift in Sources */ = {isa = PBXBuildFile; fileRef = CC77CEC62B7DBC93007B4CB5 /* BokuTasksApp.swift */; };
		CC77CEC92B7DBC93007B4CB5 /* MainView.swift in Sources */ = {isa = PBXBuildFile; fileRef = CC77CEC82B7DBC93007B4CB5 /* MainView.swift */; };
		CC77CECB2B7DBC95007B4CB5 /* Assets.xcassets in Resources */ = {isa = PBXBuildFile; fileRef = CC77CECA2B7DBC95007B4CB5 /* Assets.xcassets */; };
		CC77CECE2B7DBC95007B4CB5 /* Preview Assets.xcassets in Resources */ = {isa = PBXBuildFile; fileRef = CC77CECD2B7DBC95007B4CB5 /* Preview Assets.xcassets */; };
		CC77CED92B7DC856007B4CB5 /* Users.swift in Sources */ = {isa = PBXBuildFile; fileRef = CC77CED82B7DC856007B4CB5 /* Users.swift */; };
		CC77CEDB2B7DC879007B4CB5 /* TaskItem.swift in Sources */ = {isa = PBXBuildFile; fileRef = CC77CEDA2B7DC878007B4CB5 /* TaskItem.swift */; };
		CC77CEDD2B7DC8B3007B4CB5 /* LoginView.swift in Sources */ = {isa = PBXBuildFile; fileRef = CC77CEDC2B7DC8B3007B4CB5 /* LoginView.swift */; };
		CC77CEDF2B7DC8BF007B4CB5 /* RegisterView.swift in Sources */ = {isa = PBXBuildFile; fileRef = CC77CEDE2B7DC8BF007B4CB5 /* RegisterView.swift */; };
		CC77CEE12B7DC8F0007B4CB5 /* NewItemView.swift in Sources */ = {isa = PBXBuildFile; fileRef = CC77CEE02B7DC8F0007B4CB5 /* NewItemView.swift */; };
		CC77CEE32B7DC908007B4CB5 /* ProfileView.swift in Sources */ = {isa = PBXBuildFile; fileRef = CC77CEE22B7DC908007B4CB5 /* ProfileView.swift */; };
		CC77CEE52B7DC930007B4CB5 /* TaskListView.swift in Sources */ = {isa = PBXBuildFile; fileRef = CC77CEE42B7DC930007B4CB5 /* TaskListView.swift */; };
		CC77CEE72B7DC944007B4CB5 /* TaskCalenderView.swift in Sources */ = {isa = PBXBuildFile; fileRef = CC77CEE62B7DC944007B4CB5 /* TaskCalenderView.swift */; };
		CC77CEE92B7DC95F007B4CB5 /* TaskListItemView.swift in Sources */ = {isa = PBXBuildFile; fileRef = CC77CEE82B7DC95F007B4CB5 /* TaskListItemView.swift */; };
		CC77CEEB2B7DC98E007B4CB5 /* LoginViewViewModel.swift in Sources */ = {isa = PBXBuildFile; fileRef = CC77CEEA2B7DC98E007B4CB5 /* LoginViewViewModel.swift */; };
		CC77CEED2B7DC999007B4CB5 /* RegisterViewViewModel.swift in Sources */ = {isa = PBXBuildFile; fileRef = CC77CEEC2B7DC999007B4CB5 /* RegisterViewViewModel.swift */; };
		CC77CEEF2B7DC9A4007B4CB5 /* NewItemViewViewModel.swift in Sources */ = {isa = PBXBuildFile; fileRef = CC77CEEE2B7DC9A4007B4CB5 /* NewItemViewViewModel.swift */; };
		CC77CEF12B7DC9AE007B4CB5 /* ProfileViewViewModel.swift in Sources */ = {isa = PBXBuildFile; fileRef = CC77CEF02B7DC9AE007B4CB5 /* ProfileViewViewModel.swift */; };
		CC77CEF32B7DC9BC007B4CB5 /* TaskListViewViewModel.swift in Sources */ = {isa = PBXBuildFile; fileRef = CC77CEF22B7DC9BC007B4CB5 /* TaskListViewViewModel.swift */; };
		CC77CEF52B7DC9C8007B4CB5 /* TaskCalenderViewViewModel.swift in Sources */ = {isa = PBXBuildFile; fileRef = CC77CEF42B7DC9C8007B4CB5 /* TaskCalenderViewViewModel.swift */; };
		CC77CEF72B7DC9D7007B4CB5 /* TaskListItemViewViewModel.swift in Sources */ = {isa = PBXBuildFile; fileRef = CC77CEF62B7DC9D7007B4CB5 /* TaskListItemViewViewModel.swift */; };
		CC77CEF92B7DC9EA007B4CB5 /* MainViewViewModel.swift in Sources */ = {isa = PBXBuildFile; fileRef = CC77CEF82B7DC9EA007B4CB5 /* MainViewViewModel.swift */; };
/* End PBXBuildFile section */

/* Begin PBXFileReference section */
		CC77CEC32B7DBC93007B4CB5 /* BokuTasks.app */ = {isa = PBXFileReference; explicitFileType = wrapper.application; includeInIndex = 0; path = BokuTasks.app; sourceTree = BUILT_PRODUCTS_DIR; };
		CC77CEC62B7DBC93007B4CB5 /* BokuTasksApp.swift */ = {isa = PBXFileReference; lastKnownFileType = sourcecode.swift; path = BokuTasksApp.swift; sourceTree = "<group>"; };
		CC77CEC82B7DBC93007B4CB5 /* MainView.swift */ = {isa = PBXFileReference; lastKnownFileType = sourcecode.swift; path = MainView.swift; sourceTree = "<group>"; };
		CC77CECA2B7DBC95007B4CB5 /* Assets.xcassets */ = {isa = PBXFileReference; lastKnownFileType = folder.assetcatalog; path = Assets.xcassets; sourceTree = "<group>"; };
		CC77CECD2B7DBC95007B4CB5 /* Preview Assets.xcassets */ = {isa = PBXFileReference; lastKnownFileType = folder.assetcatalog; path = "Preview Assets.xcassets"; sourceTree = "<group>"; };
		CC77CED82B7DC856007B4CB5 /* Users.swift */ = {isa = PBXFileReference; lastKnownFileType = sourcecode.swift; path = Users.swift; sourceTree = "<group>"; };
		CC77CEDA2B7DC878007B4CB5 /* TaskItem.swift */ = {isa = PBXFileReference; lastKnownFileType = sourcecode.swift; path = TaskItem.swift; sourceTree = "<group>"; };
		CC77CEDC2B7DC8B3007B4CB5 /* LoginView.swift */ = {isa = PBXFileReference; lastKnownFileType = sourcecode.swift; path = LoginView.swift; sourceTree = "<group>"; };
		CC77CEDE2B7DC8BF007B4CB5 /* RegisterView.swift */ = {isa = PBXFileReference; lastKnownFileType = sourcecode.swift; path = RegisterView.swift; sourceTree = "<group>"; };
		CC77CEE02B7DC8F0007B4CB5 /* NewItemView.swift */ = {isa = PBXFileReference; lastKnownFileType = sourcecode.swift; path = NewItemView.swift; sourceTree = "<group>"; };
		CC77CEE22B7DC908007B4CB5 /* ProfileView.swift */ = {isa = PBXFileReference; lastKnownFileType = sourcecode.swift; path = ProfileView.swift; sourceTree = "<group>"; };
		CC77CEE42B7DC930007B4CB5 /* TaskListView.swift */ = {isa = PBXFileReference; lastKnownFileType = sourcecode.swift; path = TaskListView.swift; sourceTree = "<group>"; };
		CC77CEE62B7DC944007B4CB5 /* TaskCalenderView.swift */ = {isa = PBXFileReference; lastKnownFileType = sourcecode.swift; path = TaskCalenderView.swift; sourceTree = "<group>"; };
		CC77CEE82B7DC95F007B4CB5 /* TaskListItemView.swift */ = {isa = PBXFileReference; lastKnownFileType = sourcecode.swift; path = TaskListItemView.swift; sourceTree = "<group>"; };
		CC77CEEA2B7DC98E007B4CB5 /* LoginViewViewModel.swift */ = {isa = PBXFileReference; lastKnownFileType = sourcecode.swift; path = LoginViewViewModel.swift; sourceTree = "<group>"; };
		CC77CEEC2B7DC999007B4CB5 /* RegisterViewViewModel.swift */ = {isa = PBXFileReference; lastKnownFileType = sourcecode.swift; path = RegisterViewViewModel.swift; sourceTree = "<group>"; };
		CC77CEEE2B7DC9A4007B4CB5 /* NewItemViewViewModel.swift */ = {isa = PBXFileReference; lastKnownFileType = sourcecode.swift; path = NewItemViewViewModel.swift; sourceTree = "<group>"; };
		CC77CEF02B7DC9AE007B4CB5 /* ProfileViewViewModel.swift */ = {isa = PBXFileReference; lastKnownFileType = sourcecode.swift; path = ProfileViewViewModel.swift; sourceTree = "<group>"; };
		CC77CEF22B7DC9BC007B4CB5 /* TaskListViewViewModel.swift */ = {isa = PBXFileReference; lastKnownFileType = sourcecode.swift; path = TaskListViewViewModel.swift; sourceTree = "<group>"; };
		CC77CEF42B7DC9C8007B4CB5 /* TaskCalenderViewViewModel.swift */ = {isa = PBXFileReference; lastKnownFileType = sourcecode.swift; path = TaskCalenderViewViewModel.swift; sourceTree = "<group>"; };
		CC77CEF62B7DC9D7007B4CB5 /* TaskListItemViewViewModel.swift */ = {isa = PBXFileReference; lastKnownFileType = sourcecode.swift; path = TaskListItemViewViewModel.swift; sourceTree = "<group>"; };
		CC77CEF82B7DC9EA007B4CB5 /* MainViewViewModel.swift */ = {isa = PBXFileReference; lastKnownFileType = sourcecode.swift; path = MainViewViewModel.swift; sourceTree = "<group>"; };
/* End PBXFileReference section */

/* Begin PBXFrameworksBuildPhase section */
		CC77CEC02B7DBC93007B4CB5 /* Frameworks */ = {
			isa = PBXFrameworksBuildPhase;
			buildActionMask = 2147483647;
			files = (
			);
			runOnlyForDeploymentPostprocessing = 0;
		};
/* End PBXFrameworksBuildPhase section */

/* Begin PBXGroup section */
		CC77CEBA2B7DBC92007B4CB5 = {
			isa = PBXGroup;
			children = (
				CC77CEC52B7DBC93007B4CB5 /* BokuTasks */,
				CC77CEC42B7DBC93007B4CB5 /* Products */,
			);
			sourceTree = "<group>";
		};
		CC77CEC42B7DBC93007B4CB5 /* Products */ = {
			isa = PBXGroup;
			children = (
				CC77CEC32B7DBC93007B4CB5 /* BokuTasks.app */,
			);
			name = Products;
			sourceTree = "<group>";
		};
		CC77CEC52B7DBC93007B4CB5 /* BokuTasks */ = {
			isa = PBXGroup;
			children = (
				CC77CED72B7DC847007B4CB5 /* Support */,
				CC77CED62B7DC83E007B4CB5 /* ViewModels */,
				CC77CED52B7DC838007B4CB5 /* Views */,
				CC77CED42B7DC831007B4CB5 /* Models */,
				CC77CECC2B7DBC95007B4CB5 /* Preview Content */,
			);
			path = BokuTasks;
			sourceTree = "<group>";
		};
		CC77CECC2B7DBC95007B4CB5 /* Preview Content */ = {
			isa = PBXGroup;
			children = (
				CC77CECD2B7DBC95007B4CB5 /* Preview Assets.xcassets */,
			);
			path = "Preview Content";
			sourceTree = "<group>";
		};
		CC77CED42B7DC831007B4CB5 /* Models */ = {
			isa = PBXGroup;
			children = (
				CC77CED82B7DC856007B4CB5 /* Users.swift */,
				CC77CEDA2B7DC878007B4CB5 /* TaskItem.swift */,
			);
			path = Models;
			sourceTree = "<group>";
		};
		CC77CED52B7DC838007B4CB5 /* Views */ = {
			isa = PBXGroup;
			children = (
				CC77CEDC2B7DC8B3007B4CB5 /* LoginView.swift */,
				CC77CEDE2B7DC8BF007B4CB5 /* RegisterView.swift */,
				CC77CEC82B7DBC93007B4CB5 /* MainView.swift */,
				CC77CEE02B7DC8F0007B4CB5 /* NewItemView.swift */,
				CC77CEE22B7DC908007B4CB5 /* ProfileView.swift */,
				CC77CEE42B7DC930007B4CB5 /* TaskListView.swift */,
				CC77CEE62B7DC944007B4CB5 /* TaskCalenderView.swift */,
				CC77CEE82B7DC95F007B4CB5 /* TaskListItemView.swift */,
			);
			path = Views;
			sourceTree = "<group>";
		};
		CC77CED62B7DC83E007B4CB5 /* ViewModels */ = {
			isa = PBXGroup;
			children = (
				CC77CEEA2B7DC98E007B4CB5 /* LoginViewViewModel.swift */,
				CC77CEEC2B7DC999007B4CB5 /* RegisterViewViewModel.swift */,
				CC77CEEE2B7DC9A4007B4CB5 /* NewItemViewViewModel.swift */,
				CC77CEF02B7DC9AE007B4CB5 /* ProfileViewViewModel.swift */,
				CC77CEF22B7DC9BC007B4CB5 /* TaskListViewViewModel.swift */,
				CC77CEF42B7DC9C8007B4CB5 /* TaskCalenderViewViewModel.swift */,
				CC77CEF62B7DC9D7007B4CB5 /* TaskListItemViewViewModel.swift */,
				CC77CEF82B7DC9EA007B4CB5 /* MainViewViewModel.swift */,
			);
			path = ViewModels;
			sourceTree = "<group>";
		};
		CC77CED72B7DC847007B4CB5 /* Support */ = {
			isa = PBXGroup;
			children = (
				CC77CEC62B7DBC93007B4CB5 /* BokuTasksApp.swift */,
				CC77CECA2B7DBC95007B4CB5 /* Assets.xcassets */,
			);
			path = Support;
			sourceTree = "<group>";
		};
/* End PBXGroup section */

/* Begin PBXNativeTarget section */
		CC77CEC22B7DBC93007B4CB5 /* BokuTasks */ = {
			isa = PBXNativeTarget;
			buildConfigurationList = CC77CED12B7DBC95007B4CB5 /* Build configuration list for PBXNativeTarget "BokuTasks" */;
			buildPhases = (
				CC77CEBF2B7DBC93007B4CB5 /* Sources */,
				CC77CEC02B7DBC93007B4CB5 /* Frameworks */,
				CC77CEC12B7DBC93007B4CB5 /* Resources */,
			);
			buildRules = (
			);
			dependencies = (
			);
			name = BokuTasks;
			productName = BokuTasks;
			productReference = CC77CEC32B7DBC93007B4CB5 /* BokuTasks.app */;
			productType = "com.apple.product-type.application";
		};
/* End PBXNativeTarget section */

/* Begin PBXProject section */
		CC77CEBB2B7DBC92007B4CB5 /* Project object */ = {
			isa = PBXProject;
			attributes = {
				BuildIndependentTargetsInParallel = 1;
				LastSwiftUpdateCheck = 1520;
				LastUpgradeCheck = 1520;
				TargetAttributes = {
					CC77CEC22B7DBC93007B4CB5 = {
						CreatedOnToolsVersion = 15.2;
					};
				};
			};
			buildConfigurationList = CC77CEBE2B7DBC92007B4CB5 /* Build configuration list for PBXProject "BokuTasks" */;
			compatibilityVersion = "Xcode 14.0";
			developmentRegion = en;
			hasScannedForEncodings = 0;
			knownRegions = (
				en,
				Base,
			);
			mainGroup = CC77CEBA2B7DBC92007B4CB5;
			productRefGroup = CC77CEC42B7DBC93007B4CB5 /* Products */;
			projectDirPath = "";
			projectRoot = "";
			targets = (
				CC77CEC22B7DBC93007B4CB5 /* BokuTasks */,
			);
		};
/* End PBXProject section */

/* Begin PBXResourcesBuildPhase section */
		CC77CEC12B7DBC93007B4CB5 /* Resources */ = {
			isa = PBXResourcesBuildPhase;
			buildActionMask = 2147483647;
			files = (
				CC77CECE2B7DBC95007B4CB5 /* Preview Assets.xcassets in Resources */,
				CC77CECB2B7DBC95007B4CB5 /* Assets.xcassets in Resources */,
			);
			runOnlyForDeploymentPostprocessing = 0;
		};
/* End PBXResourcesBuildPhase section */

/* Begin PBXSourcesBuildPhase section */
		CC77CEBF2B7DBC93007B4CB5 /* Sources */ = {
			isa = PBXSourcesBuildPhase;
			buildActionMask = 2147483647;
			files = (
				CC77CEE32B7DC908007B4CB5 /* ProfileView.swift in Sources */,
				CC77CEC92B7DBC93007B4CB5 /* MainView.swift in Sources */,
				CC77CEF12B7DC9AE007B4CB5 /* ProfileViewViewModel.swift in Sources */,
				CC77CEE52B7DC930007B4CB5 /* TaskListView.swift in Sources */,
				CC77CED92B7DC856007B4CB5 /* Users.swift in Sources */,
				CC77CEF52B7DC9C8007B4CB5 /* TaskCalenderViewViewModel.swift in Sources */,
				CC77CEE12B7DC8F0007B4CB5 /* NewItemView.swift in Sources */,
				CC77CEE92B7DC95F007B4CB5 /* TaskListItemView.swift in Sources */,
				CC77CEC72B7DBC93007B4CB5 /* BokuTasksApp.swift in Sources */,
				CC77CEED2B7DC999007B4CB5 /* RegisterViewViewModel.swift in Sources */,
				CC77CEEB2B7DC98E007B4CB5 /* LoginViewViewModel.swift in Sources */,
				CC77CEF72B7DC9D7007B4CB5 /* TaskListItemViewViewModel.swift in Sources */,
				CC77CEDF2B7DC8BF007B4CB5 /* RegisterView.swift in Sources */,
				CC77CEDD2B7DC8B3007B4CB5 /* LoginView.swift in Sources */,
				CC77CEF32B7DC9BC007B4CB5 /* TaskListViewViewModel.swift in Sources */,
				CC77CEF92B7DC9EA007B4CB5 /* MainViewViewModel.swift in Sources */,
				CC77CEDB2B7DC879007B4CB5 /* TaskItem.swift in Sources */,
				CC77CEE72B7DC944007B4CB5 /* TaskCalenderView.swift in Sources */,
				CC77CEEF2B7DC9A4007B4CB5 /* NewItemViewViewModel.swift in Sources */,
			);
			runOnlyForDeploymentPostprocessing = 0;
		};
/* End PBXSourcesBuildPhase section */

/* Begin XCBuildConfiguration section */
		CC77CECF2B7DBC95007B4CB5 /* Debug */ = {
			isa = XCBuildConfiguration;
			buildSettings = {
				ALWAYS_SEARCH_USER_PATHS = NO;
				ASSETCATALOG_COMPILER_GENERATE_SWIFT_ASSET_SYMBOL_EXTENSIONS = YES;
				CLANG_ANALYZER_NONNULL = YES;
				CLANG_ANALYZER_NUMBER_OBJECT_CONVERSION = YES_AGGRESSIVE;
				CLANG_CXX_LANGUAGE_STANDARD = "gnu++20";
				CLANG_ENABLE_MODULES = YES;
				CLANG_ENABLE_OBJC_ARC = YES;
				CLANG_ENABLE_OBJC_WEAK = YES;
				CLANG_WARN_BLOCK_CAPTURE_AUTORELEASING = YES;
				CLANG_WARN_BOOL_CONVERSION = YES;
				CLANG_WARN_COMMA = YES;
				CLANG_WARN_CONSTANT_CONVERSION = YES;
				CLANG_WARN_DEPRECATED_OBJC_IMPLEMENTATIONS = YES;
				CLANG_WARN_DIRECT_OBJC_ISA_USAGE = YES_ERROR;
				CLANG_WARN_DOCUMENTATION_COMMENTS = YES;
				CLANG_WARN_EMPTY_BODY = YES;
				CLANG_WARN_ENUM_CONVERSION = YES;
				CLANG_WARN_INFINITE_RECURSION = YES;
				CLANG_WARN_INT_CONVERSION = YES;
				CLANG_WARN_NON_LITERAL_NULL_CONVERSION = YES;
				CLANG_WARN_OBJC_IMPLICIT_RETAIN_SELF = YES;
				CLANG_WARN_OBJC_LITERAL_CONVERSION = YES;
				CLANG_WARN_OBJC_ROOT_CLASS = YES_ERROR;
				CLANG_WARN_QUOTED_INCLUDE_IN_FRAMEWORK_HEADER = YES;
				CLANG_WARN_RANGE_LOOP_ANALYSIS = YES;
				CLANG_WARN_STRICT_PROTOTYPES = YES;
				CLANG_WARN_SUSPICIOUS_MOVE = YES;
				CLANG_WARN_UNGUARDED_AVAILABILITY = YES_AGGRESSIVE;
				CLANG_WARN_UNREACHABLE_CODE = YES;
				CLANG_WARN__DUPLICATE_METHOD_MATCH = YES;
				COPY_PHASE_STRIP = NO;
				DEBUG_INFORMATION_FORMAT = dwarf;
				ENABLE_STRICT_OBJC_MSGSEND = YES;
				ENABLE_TESTABILITY = YES;
				ENABLE_USER_SCRIPT_SANDBOXING = YES;
				GCC_C_LANGUAGE_STANDARD = gnu17;
				GCC_DYNAMIC_NO_PIC = NO;
				GCC_NO_COMMON_BLOCKS = YES;
				GCC_OPTIMIZATION_LEVEL = 0;
				GCC_PREPROCESSOR_DEFINITIONS = (
					"DEBUG=1",
					"$(inherited)",
				);
				GCC_WARN_64_TO_32_BIT_CONVERSION = YES;
				GCC_WARN_ABOUT_RETURN_TYPE = YES_ERROR;
				GCC_WARN_UNDECLARED_SELECTOR = YES;
				GCC_WARN_UNINITIALIZED_AUTOS = YES_AGGRESSIVE;
				GCC_WARN_UNUSED_FUNCTION = YES;
				GCC_WARN_UNUSED_VARIABLE = YES;
				IPHONEOS_DEPLOYMENT_TARGET = 17.2;
				LOCALIZATION_PREFERS_STRING_CATALOGS = YES;
				MTL_ENABLE_DEBUG_INFO = INCLUDE_SOURCE;
				MTL_FAST_MATH = YES;
				ONLY_ACTIVE_ARCH = YES;
				SDKROOT = iphoneos;
				SWIFT_ACTIVE_COMPILATION_CONDITIONS = "DEBUG $(inherited)";
				SWIFT_OPTIMIZATION_LEVEL = "-Onone";
			};
			name = Debug;
		};
		CC77CED02B7DBC95007B4CB5 /* Release */ = {
			isa = XCBuildConfiguration;
			buildSettings = {
				ALWAYS_SEARCH_USER_PATHS = NO;
				ASSETCATALOG_COMPILER_GENERATE_SWIFT_ASSET_SYMBOL_EXTENSIONS = YES;
				CLANG_ANALYZER_NONNULL = YES;
				CLANG_ANALYZER_NUMBER_OBJECT_CONVERSION = YES_AGGRESSIVE;
				CLANG_CXX_LANGUAGE_STANDARD = "gnu++20";
				CLANG_ENABLE_MODULES = YES;
				CLANG_ENABLE_OBJC_ARC = YES;
				CLANG_ENABLE_OBJC_WEAK = YES;
				CLANG_WARN_BLOCK_CAPTURE_AUTORELEASING = YES;
				CLANG_WARN_BOOL_CONVERSION = YES;
				CLANG_WARN_COMMA = YES;
				CLANG_WARN_CONSTANT_CONVERSION = YES;
				CLANG_WARN_DEPRECATED_OBJC_IMPLEMENTATIONS = YES;
				CLANG_WARN_DIRECT_OBJC_ISA_USAGE = YES_ERROR;
				CLANG_WARN_DOCUMENTATION_COMMENTS = YES;
				CLANG_WARN_EMPTY_BODY = YES;
				CLANG_WARN_ENUM_CONVERSION = YES;
				CLANG_WARN_INFINITE_RECURSION = YES;
				CLANG_WARN_INT_CONVERSION = YES;
				CLANG_WARN_NON_LITERAL_NULL_CONVERSION = YES;
				CLANG_WARN_OBJC_IMPLICIT_RETAIN_SELF = YES;
				CLANG_WARN_OBJC_LITERAL_CONVERSION = YES;
				CLANG_WARN_OBJC_ROOT_CLASS = YES_ERROR;
				CLANG_WARN_QUOTED_INCLUDE_IN_FRAMEWORK_HEADER = YES;
				CLANG_WARN_RANGE_LOOP_ANALYSIS = YES;
				CLANG_WARN_STRICT_PROTOTYPES = YES;
				CLANG_WARN_SUSPICIOUS_MOVE = YES;
				CLANG_WARN_UNGUARDED_AVAILABILITY = YES_AGGRESSIVE;
				CLANG_WARN_UNREACHABLE_CODE = YES;
				CLANG_WARN__DUPLICATE_METHOD_MATCH = YES;
				COPY_PHASE_STRIP = NO;
				DEBUG_INFORMATION_FORMAT = "dwarf-with-dsym";
				ENABLE_NS_ASSERTIONS = NO;
				ENABLE_STRICT_OBJC_MSGSEND = YES;
				ENABLE_USER_SCRIPT_SANDBOXING = YES;
				GCC_C_LANGUAGE_STANDARD = gnu17;
				GCC_NO_COMMON_BLOCKS = YES;
				GCC_WARN_64_TO_32_BIT_CONVERSION = YES;
				GCC_WARN_ABOUT_RETURN_TYPE = YES_ERROR;
				GCC_WARN_UNDECLARED_SELECTOR = YES;
				GCC_WARN_UNINITIALIZED_AUTOS = YES_AGGRESSIVE;
				GCC_WARN_UNUSED_FUNCTION = YES;
				GCC_WARN_UNUSED_VARIABLE = YES;
				IPHONEOS_DEPLOYMENT_TARGET = 17.2;
				LOCALIZATION_PREFERS_STRING_CATALOGS = YES;
				MTL_ENABLE_DEBUG_INFO = NO;
				MTL_FAST_MATH = YES;
				SDKROOT = iphoneos;
				SWIFT_COMPILATION_MODE = wholemodule;
				VALIDATE_PRODUCT = YES;
			};
			name = Release;
		};
		CC77CED22B7DBC95007B4CB5 /* Debug */ = {
			isa = XCBuildConfiguration;
			buildSettings = {
				ASSETCATALOG_COMPILER_APPICON_NAME = AppIcon;
				ASSETCATALOG_COMPILER_GLOBAL_ACCENT_COLOR_NAME = AccentColor;
				CODE_SIGN_STYLE = Automatic;
				CURRENT_PROJECT_VERSION = 1;
				DEVELOPMENT_ASSET_PATHS = "\"BokuTasks/Preview Content\"";
				DEVELOPMENT_TEAM = 792SAN8W5Y;
				ENABLE_PREVIEWS = YES;
				GENERATE_INFOPLIST_FILE = YES;
				INFOPLIST_KEY_UIApplicationSceneManifest_Generation = YES;
				INFOPLIST_KEY_UIApplicationSupportsIndirectInputEvents = YES;
				INFOPLIST_KEY_UILaunchScreen_Generation = YES;
				INFOPLIST_KEY_UISupportedInterfaceOrientations_iPad = "UIInterfaceOrientationPortrait UIInterfaceOrientationPortraitUpsideDown UIInterfaceOrientationLandscapeLeft UIInterfaceOrientationLandscapeRight";
				INFOPLIST_KEY_UISupportedInterfaceOrientations_iPhone = "UIInterfaceOrientationPortrait UIInterfaceOrientationLandscapeLeft UIInterfaceOrientationLandscapeRight";
				LD_RUNPATH_SEARCH_PATHS = (
					"$(inherited)",
					"@executable_path/Frameworks",
				);
				MARKETING_VERSION = 1.0;
				PRODUCT_BUNDLE_IDENTIFIER = krishmittal.BokuTasks;
				PRODUCT_NAME = "$(TARGET_NAME)";
				SWIFT_EMIT_LOC_STRINGS = YES;
				SWIFT_VERSION = 5.0;
				TARGETED_DEVICE_FAMILY = "1,2";
			};
			name = Debug;
		};
		CC77CED32B7DBC95007B4CB5 /* Release */ = {
			isa = XCBuildConfiguration;
			buildSettings = {
				ASSETCATALOG_COMPILER_APPICON_NAME = AppIcon;
				ASSETCATALOG_COMPILER_GLOBAL_ACCENT_COLOR_NAME = AccentColor;
				CODE_SIGN_STYLE = Automatic;
				CURRENT_PROJECT_VERSION = 1;
				DEVELOPMENT_ASSET_PATHS = "\"BokuTasks/Preview Content\"";
				DEVELOPMENT_TEAM = 792SAN8W5Y;
				ENABLE_PREVIEWS = YES;
				GENERATE_INFOPLIST_FILE = YES;
				INFOPLIST_KEY_UIApplicationSceneManifest_Generation = YES;
				INFOPLIST_KEY_UIApplicationSupportsIndirectInputEvents = YES;
				INFOPLIST_KEY_UILaunchScreen_Generation = YES;
				INFOPLIST_KEY_UISupportedInterfaceOrientations_iPad = "UIInterfaceOrientationPortrait UIInterfaceOrientationPortraitUpsideDown UIInterfaceOrientationLandscapeLeft UIInterfaceOrientationLandscapeRight";
				INFOPLIST_KEY_UISupportedInterfaceOrientations_iPhone = "UIInterfaceOrientationPortrait UIInterfaceOrientationLandscapeLeft UIInterfaceOrientationLandscapeRight";
				LD_RUNPATH_SEARCH_PATHS = (
					"$(inherited)",
					"@executable_path/Frameworks",
				);
				MARKETING_VERSION = 1.0;
				PRODUCT_BUNDLE_IDENTIFIER = krishmittal.BokuTasks;
				PRODUCT_NAME = "$(TARGET_NAME)";
				SWIFT_EMIT_LOC_STRINGS = YES;
				SWIFT_VERSION = 5.0;
				TARGETED_DEVICE_FAMILY = "1,2";
			};
			name = Release;
		};
/* End XCBuildConfiguration section */

/* Begin XCConfigurationList section */
		CC77CEBE2B7DBC92007B4CB5 /* Build configuration list for PBXProject "BokuTasks" */ = {
			isa = XCConfigurationList;
			buildConfigurations = (
				CC77CECF2B7DBC95007B4CB5 /* Debug */,
				CC77CED02B7DBC95007B4CB5 /* Release */,
			);
			defaultConfigurationIsVisible = 0;
			defaultConfigurationName = Release;
		};
		CC77CED12B7DBC95007B4CB5 /* Build configuration list for PBXNativeTarget "BokuTasks" */ = {
			isa = XCConfigurationList;
			buildConfigurations = (
				CC77CED22B7DBC95007B4CB5 /* Debug */,
				CC77CED32B7DBC95007B4CB5 /* Release */,
			);
			defaultConfigurationIsVisible = 0;
			defaultConfigurationName = Release;
		};
/* End XCConfigurationList section */
	};
	rootObject = CC77CEBB2B7DBC92007B4CB5 /* Project object */;
}
