// !$*UTF8*$!
{
	archiveVersion = 1;
	classes = {
	};
	objectVersion = 56;
	objects = {

/* Begin PBXBuildFile section */
		CC160BF32B8C5AEA007D248A /* SplashView.swift in Sources */ = {isa = PBXBuildFile; fileRef = CC160BF22B8C5AEA007D248A /* SplashView.swift */; };
		CC5481992B804E45000BB7A6 /* CalendarView.swift in Sources */ = {isa = PBXBuildFile; fileRef = CC5481982B804E45000BB7A6 /* CalendarView.swift */; };
		CC54819D2B804ED3000BB7A6 /* CalendarViewViewModel.swift in Sources */ = {isa = PBXBuildFile; fileRef = CC54819C2B804ED3000BB7A6 /* CalendarViewViewModel.swift */; };
		CC5481A12B8058CB000BB7A6 /* BTButton.swift in Sources */ = {isa = PBXBuildFile; fileRef = CC5481A02B8058CB000BB7A6 /* BTButton.swift */; };
		CC744C6C2B7F00C300C3D1C8 /* AuthenticationView.swift in Sources */ = {isa = PBXBuildFile; fileRef = CC744C6B2B7F00C300C3D1C8 /* AuthenticationView.swift */; };
		CC744C6E2B7F013300C3D1C8 /* BTAuthButton.swift in Sources */ = {isa = PBXBuildFile; fileRef = CC744C6D2B7F013300C3D1C8 /* BTAuthButton.swift */; };
		CC744C702B7F0C0500C3D1C8 /* Extensions.swift in Sources */ = {isa = PBXBuildFile; fileRef = CC744C6F2B7F0C0500C3D1C8 /* Extensions.swift */; };
		CC744C722B7F227D00C3D1C8 /* FirebaseAnalytics in Frameworks */ = {isa = PBXBuildFile; productRef = CC744C712B7F227D00C3D1C8 /* FirebaseAnalytics */; };
		CC744C742B7F227D00C3D1C8 /* FirebaseAnalyticsOnDeviceConversion in Frameworks */ = {isa = PBXBuildFile; productRef = CC744C732B7F227D00C3D1C8 /* FirebaseAnalyticsOnDeviceConversion */; };
		CC744C762B7F227D00C3D1C8 /* FirebaseAnalyticsSwift in Frameworks */ = {isa = PBXBuildFile; productRef = CC744C752B7F227D00C3D1C8 /* FirebaseAnalyticsSwift */; };
		CC744C782B7F227D00C3D1C8 /* FirebaseAnalyticsWithoutAdIdSupport in Frameworks */ = {isa = PBXBuildFile; productRef = CC744C772B7F227D00C3D1C8 /* FirebaseAnalyticsWithoutAdIdSupport */; };
		CC744C7A2B7F227D00C3D1C8 /* FirebaseAppCheck in Frameworks */ = {isa = PBXBuildFile; productRef = CC744C792B7F227D00C3D1C8 /* FirebaseAppCheck */; };
		CC744C7C2B7F227D00C3D1C8 /* FirebaseAppDistribution-Beta in Frameworks */ = {isa = PBXBuildFile; productRef = CC744C7B2B7F227D00C3D1C8 /* FirebaseAppDistribution-Beta */; };
		CC744C7E2B7F227D00C3D1C8 /* FirebaseAuth in Frameworks */ = {isa = PBXBuildFile; productRef = CC744C7D2B7F227D00C3D1C8 /* FirebaseAuth */; };
		CC744C802B7F227D00C3D1C8 /* FirebaseAuthCombine-Community in Frameworks */ = {isa = PBXBuildFile; productRef = CC744C7F2B7F227D00C3D1C8 /* FirebaseAuthCombine-Community */; };
		CC744C822B7F227D00C3D1C8 /* FirebaseCrashlytics in Frameworks */ = {isa = PBXBuildFile; productRef = CC744C812B7F227D00C3D1C8 /* FirebaseCrashlytics */; };
		CC744C842B7F227D00C3D1C8 /* FirebaseDatabase in Frameworks */ = {isa = PBXBuildFile; productRef = CC744C832B7F227D00C3D1C8 /* FirebaseDatabase */; };
		CC744C862B7F227D00C3D1C8 /* FirebaseDatabaseSwift in Frameworks */ = {isa = PBXBuildFile; productRef = CC744C852B7F227D00C3D1C8 /* FirebaseDatabaseSwift */; };
		CC744C882B7F227D00C3D1C8 /* FirebaseDynamicLinks in Frameworks */ = {isa = PBXBuildFile; productRef = CC744C872B7F227D00C3D1C8 /* FirebaseDynamicLinks */; };
		CC744C8A2B7F227D00C3D1C8 /* FirebaseFirestore in Frameworks */ = {isa = PBXBuildFile; productRef = CC744C892B7F227D00C3D1C8 /* FirebaseFirestore */; };
		CC744C8C2B7F227D00C3D1C8 /* FirebaseFirestoreCombine-Community in Frameworks */ = {isa = PBXBuildFile; productRef = CC744C8B2B7F227D00C3D1C8 /* FirebaseFirestoreCombine-Community */; };
		CC744C8E2B7F227D00C3D1C8 /* FirebaseFirestoreSwift in Frameworks */ = {isa = PBXBuildFile; productRef = CC744C8D2B7F227D00C3D1C8 /* FirebaseFirestoreSwift */; };
		CC744C902B7F227D00C3D1C8 /* FirebaseFunctions in Frameworks */ = {isa = PBXBuildFile; productRef = CC744C8F2B7F227D00C3D1C8 /* FirebaseFunctions */; };
		CC744C922B7F227D00C3D1C8 /* FirebaseFunctionsCombine-Community in Frameworks */ = {isa = PBXBuildFile; productRef = CC744C912B7F227D00C3D1C8 /* FirebaseFunctionsCombine-Community */; };
		CC744C942B7F227D00C3D1C8 /* FirebaseInAppMessaging-Beta in Frameworks */ = {isa = PBXBuildFile; productRef = CC744C932B7F227D00C3D1C8 /* FirebaseInAppMessaging-Beta */; };
		CC744C962B7F227D00C3D1C8 /* FirebaseInAppMessagingSwift-Beta in Frameworks */ = {isa = PBXBuildFile; productRef = CC744C952B7F227D00C3D1C8 /* FirebaseInAppMessagingSwift-Beta */; };
		CC744C982B7F227D00C3D1C8 /* FirebaseInstallations in Frameworks */ = {isa = PBXBuildFile; productRef = CC744C972B7F227D00C3D1C8 /* FirebaseInstallations */; };
		CC744C9A2B7F227D00C3D1C8 /* FirebaseMLModelDownloader in Frameworks */ = {isa = PBXBuildFile; productRef = CC744C992B7F227D00C3D1C8 /* FirebaseMLModelDownloader */; };
		CC744C9C2B7F227D00C3D1C8 /* FirebaseMessaging in Frameworks */ = {isa = PBXBuildFile; productRef = CC744C9B2B7F227D00C3D1C8 /* FirebaseMessaging */; };
		CC744C9E2B7F227D00C3D1C8 /* FirebasePerformance in Frameworks */ = {isa = PBXBuildFile; productRef = CC744C9D2B7F227D00C3D1C8 /* FirebasePerformance */; };
		CC744CA02B7F227D00C3D1C8 /* FirebaseRemoteConfig in Frameworks */ = {isa = PBXBuildFile; productRef = CC744C9F2B7F227D00C3D1C8 /* FirebaseRemoteConfig */; };
		CC744CA22B7F227D00C3D1C8 /* FirebaseRemoteConfigSwift in Frameworks */ = {isa = PBXBuildFile; productRef = CC744CA12B7F227D00C3D1C8 /* FirebaseRemoteConfigSwift */; };
		CC744CA42B7F227D00C3D1C8 /* FirebaseStorage in Frameworks */ = {isa = PBXBuildFile; productRef = CC744CA32B7F227D00C3D1C8 /* FirebaseStorage */; };
		CC744CA62B7F227D00C3D1C8 /* FirebaseStorageCombine-Community in Frameworks */ = {isa = PBXBuildFile; productRef = CC744CA52B7F227D00C3D1C8 /* FirebaseStorageCombine-Community */; };
		CC744CA82B7F29A300C3D1C8 /* GoogleService-Info.plist in Resources */ = {isa = PBXBuildFile; fileRef = CC744CA72B7F29A300C3D1C8 /* GoogleService-Info.plist */; };
		CC77CEC72B7DBC93007B4CB5 /* BokuTasksApp.swift in Sources */ = {isa = PBXBuildFile; fileRef = CC77CEC62B7DBC93007B4CB5 /* BokuTasksApp.swift */; };
		CC77CEC92B7DBC93007B4CB5 /* MainView.swift in Sources */ = {isa = PBXBuildFile; fileRef = CC77CEC82B7DBC93007B4CB5 /* MainView.swift */; };
		CC77CECB2B7DBC95007B4CB5 /* Assets.xcassets in Resources */ = {isa = PBXBuildFile; fileRef = CC77CECA2B7DBC95007B4CB5 /* Assets.xcassets */; };
		CC77CECE2B7DBC95007B4CB5 /* Preview Assets.xcassets in Resources */ = {isa = PBXBuildFile; fileRef = CC77CECD2B7DBC95007B4CB5 /* Preview Assets.xcassets */; };
		CC77CED92B7DC856007B4CB5 /* Users.swift in Sources */ = {isa = PBXBuildFile; fileRef = CC77CED82B7DC856007B4CB5 /* Users.swift */; };
		CC77CEDB2B7DC879007B4CB5 /* TaskItem.swift in Sources */ = {isa = PBXBuildFile; fileRef = CC77CEDA2B7DC878007B4CB5 /* TaskItem.swift */; };
		CC77CEDD2B7DC8B3007B4CB5 /* LoginView.swift in Sources */ = {isa = PBXBuildFile; fileRef = CC77CEDC2B7DC8B3007B4CB5 /* LoginView.swift */; };
		CC77CEDF2B7DC8BF007B4CB5 /* RegisterView.swift in Sources */ = {isa = PBXBuildFile; fileRef = CC77CEDE2B7DC8BF007B4CB5 /* RegisterView.swift */; };
		CC77CEE12B7DC8F0007B4CB5 /* NewItemView.swift in Sources */ = {isa = PBXBuildFile; fileRef = CC77CEE02B7DC8F0007B4CB5 /* NewItemView.swift */; };
		CC77CEE32B7DC908007B4CB5 /* ProfileView.swift in Sources */ = {isa = PBXBuildFile; fileRef = CC77CEE22B7DC908007B4CB5 /* ProfileView.swift */; };
		CC77CEE52B7DC930007B4CB5 /* TaskListView.swift in Sources */ = {isa = PBXBuildFile; fileRef = CC77CEE42B7DC930007B4CB5 /* TaskListView.swift */; };
		CC77CEE92B7DC95F007B4CB5 /* TaskListItemView.swift in Sources */ = {isa = PBXBuildFile; fileRef = CC77CEE82B7DC95F007B4CB5 /* TaskListItemView.swift */; };
		CC77CEEB2B7DC98E007B4CB5 /* LoginViewViewModel.swift in Sources */ = {isa = PBXBuildFile; fileRef = CC77CEEA2B7DC98E007B4CB5 /* LoginViewViewModel.swift */; };
		CC77CEED2B7DC999007B4CB5 /* RegisterViewViewModel.swift in Sources */ = {isa = PBXBuildFile; fileRef = CC77CEEC2B7DC999007B4CB5 /* RegisterViewViewModel.swift */; };
		CC77CEEF2B7DC9A4007B4CB5 /* NewItemViewViewModel.swift in Sources */ = {isa = PBXBuildFile; fileRef = CC77CEEE2B7DC9A4007B4CB5 /* NewItemViewViewModel.swift */; };
		CC77CEF12B7DC9AE007B4CB5 /* ProfileViewViewModel.swift in Sources */ = {isa = PBXBuildFile; fileRef = CC77CEF02B7DC9AE007B4CB5 /* ProfileViewViewModel.swift */; };
		CC77CEF32B7DC9BC007B4CB5 /* TaskListViewViewModel.swift in Sources */ = {isa = PBXBuildFile; fileRef = CC77CEF22B7DC9BC007B4CB5 /* TaskListViewViewModel.swift */; };
		CC77CEF72B7DC9D7007B4CB5 /* TaskListItemViewViewModel.swift in Sources */ = {isa = PBXBuildFile; fileRef = CC77CEF62B7DC9D7007B4CB5 /* TaskListItemViewViewModel.swift */; };
		CC77CEF92B7DC9EA007B4CB5 /* MainViewViewModel.swift in Sources */ = {isa = PBXBuildFile; fileRef = CC77CEF82B7DC9EA007B4CB5 /* MainViewViewModel.swift */; };
		CC77CEFC2B7DCB1C007B4CB5 /* FirebaseAnalytics in Frameworks */ = {isa = PBXBuildFile; productRef = CC77CEFB2B7DCB1C007B4CB5 /* FirebaseAnalytics */; };
		CC77CEFE2B7DCB1C007B4CB5 /* FirebaseAnalyticsOnDeviceConversion in Frameworks */ = {isa = PBXBuildFile; productRef = CC77CEFD2B7DCB1C007B4CB5 /* FirebaseAnalyticsOnDeviceConversion */; };
		CC77CF002B7DCB1C007B4CB5 /* FirebaseAnalyticsSwift in Frameworks */ = {isa = PBXBuildFile; productRef = CC77CEFF2B7DCB1C007B4CB5 /* FirebaseAnalyticsSwift */; };
		CC77CF022B7DCB1C007B4CB5 /* FirebaseAnalyticsWithoutAdIdSupport in Frameworks */ = {isa = PBXBuildFile; productRef = CC77CF012B7DCB1C007B4CB5 /* FirebaseAnalyticsWithoutAdIdSupport */; };
		CC77CF042B7DCB1C007B4CB5 /* FirebaseAppCheck in Frameworks */ = {isa = PBXBuildFile; productRef = CC77CF032B7DCB1C007B4CB5 /* FirebaseAppCheck */; };
		CC8763312B889CF7002F5717 /* EditProfileView.swift in Sources */ = {isa = PBXBuildFile; fileRef = CC8763302B889CF7002F5717 /* EditProfileView.swift */; };
		CC8763332B889D04002F5717 /* EditProfileViewViewModel.swift in Sources */ = {isa = PBXBuildFile; fileRef = CC8763322B889D04002F5717 /* EditProfileViewViewModel.swift */; };
		CCFCC6542B8852280007D90D /* AboutView.swift in Sources */ = {isa = PBXBuildFile; fileRef = CCFCC6532B8852280007D90D /* AboutView.swift */; };
		CCFCC6562B8852420007D90D /* PrivacyView.swift in Sources */ = {isa = PBXBuildFile; fileRef = CCFCC6552B8852420007D90D /* PrivacyView.swift */; };
		CCFCC6582B8852530007D90D /* WidgetView.swift in Sources */ = {isa = PBXBuildFile; fileRef = CCFCC6572B8852530007D90D /* WidgetView.swift */; };
		CCFCC65A2B8852660007D90D /* AboutViewViewModel.swift in Sources */ = {isa = PBXBuildFile; fileRef = CCFCC6592B8852660007D90D /* AboutViewViewModel.swift */; };
		CCFCC65C2B8852710007D90D /* PrivacyViewViewModel.swift in Sources */ = {isa = PBXBuildFile; fileRef = CCFCC65B2B8852710007D90D /* PrivacyViewViewModel.swift */; };
		CCFCC65E2B88527D0007D90D /* WidgetViewViewModel.swift in Sources */ = {isa = PBXBuildFile; fileRef = CCFCC65D2B88527D0007D90D /* WidgetViewViewModel.swift */; };
		CCFCC6602B8853260007D90D /* BTSettingsButton.swift in Sources */ = {isa = PBXBuildFile; fileRef = CCFCC65F2B8853260007D90D /* BTSettingsButton.swift */; };
/* End PBXBuildFile section */

/* Begin PBXFileReference section */
		CC160BF22B8C5AEA007D248A /* SplashView.swift */ = {isa = PBXFileReference; lastKnownFileType = sourcecode.swift; path = SplashView.swift; sourceTree = "<group>"; };
		CC5481982B804E45000BB7A6 /* CalendarView.swift */ = {isa = PBXFileReference; lastKnownFileType = sourcecode.swift; path = CalendarView.swift; sourceTree = "<group>"; };
		CC54819C2B804ED3000BB7A6 /* CalendarViewViewModel.swift */ = {isa = PBXFileReference; lastKnownFileType = sourcecode.swift; path = CalendarViewViewModel.swift; sourceTree = "<group>"; };
		CC5481A02B8058CB000BB7A6 /* BTButton.swift */ = {isa = PBXFileReference; lastKnownFileType = sourcecode.swift; path = BTButton.swift; sourceTree = "<group>"; };
		CC744C6B2B7F00C300C3D1C8 /* AuthenticationView.swift */ = {isa = PBXFileReference; lastKnownFileType = sourcecode.swift; path = AuthenticationView.swift; sourceTree = "<group>"; };
		CC744C6D2B7F013300C3D1C8 /* BTAuthButton.swift */ = {isa = PBXFileReference; lastKnownFileType = sourcecode.swift; path = BTAuthButton.swift; sourceTree = "<group>"; };
		CC744C6F2B7F0C0500C3D1C8 /* Extensions.swift */ = {isa = PBXFileReference; lastKnownFileType = sourcecode.swift; path = Extensions.swift; sourceTree = "<group>"; };
		CC744CA72B7F29A300C3D1C8 /* GoogleService-Info.plist */ = {isa = PBXFileReference; fileEncoding = 4; lastKnownFileType = text.plist.xml; path = "GoogleService-Info.plist"; sourceTree = "<group>"; };
		CC77CEC32B7DBC93007B4CB5 /* BokuTasks.app */ = {isa = PBXFileReference; explicitFileType = wrapper.application; includeInIndex = 0; path = BokuTasks.app; sourceTree = BUILT_PRODUCTS_DIR; };
		CC77CEC62B7DBC93007B4CB5 /* BokuTasksApp.swift */ = {isa = PBXFileReference; lastKnownFileType = sourcecode.swift; path = BokuTasksApp.swift; sourceTree = "<group>"; };
		CC77CEC82B7DBC93007B4CB5 /* MainView.swift */ = {isa = PBXFileReference; lastKnownFileType = sourcecode.swift; path = MainView.swift; sourceTree = "<group>"; };
		CC77CECA2B7DBC95007B4CB5 /* Assets.xcassets */ = {isa = PBXFileReference; lastKnownFileType = folder.assetcatalog; path = Assets.xcassets; sourceTree = "<group>"; };
		CC77CECD2B7DBC95007B4CB5 /* Preview Assets.xcassets */ = {isa = PBXFileReference; lastKnownFileType = folder.assetcatalog; path = "Preview Assets.xcassets"; sourceTree = "<group>"; };
		CC77CED82B7DC856007B4CB5 /* Users.swift */ = {isa = PBXFileReference; lastKnownFileType = sourcecode.swift; path = Users.swift; sourceTree = "<group>"; };
		CC77CEDA2B7DC878007B4CB5 /* TaskItem.swift */ = {isa = PBXFileReference; lastKnownFileType = sourcecode.swift; path = TaskItem.swift; sourceTree = "<group>"; };
		CC77CEDC2B7DC8B3007B4CB5 /* LoginView.swift */ = {isa = PBXFileReference; lastKnownFileType = sourcecode.swift; path = LoginView.swift; sourceTree = "<group>"; };
		CC77CEDE2B7DC8BF007B4CB5 /* RegisterView.swift */ = {isa = PBXFileReference; lastKnownFileType = sourcecode.swift; path = RegisterView.swift; sourceTree = "<group>"; };
		CC77CEE02B7DC8F0007B4CB5 /* NewItemView.swift */ = {isa = PBXFileReference; lastKnownFileType = sourcecode.swift; path = NewItemView.swift; sourceTree = "<group>"; };
		CC77CEE22B7DC908007B4CB5 /* ProfileView.swift */ = {isa = PBXFileReference; lastKnownFileType = sourcecode.swift; path = ProfileView.swift; sourceTree = "<group>"; };
		CC77CEE42B7DC930007B4CB5 /* TaskListView.swift */ = {isa = PBXFileReference; lastKnownFileType = sourcecode.swift; path = TaskListView.swift; sourceTree = "<group>"; };
		CC77CEE82B7DC95F007B4CB5 /* TaskListItemView.swift */ = {isa = PBXFileReference; lastKnownFileType = sourcecode.swift; path = TaskListItemView.swift; sourceTree = "<group>"; };
		CC77CEEA2B7DC98E007B4CB5 /* LoginViewViewModel.swift */ = {isa = PBXFileReference; lastKnownFileType = sourcecode.swift; path = LoginViewViewModel.swift; sourceTree = "<group>"; };
		CC77CEEC2B7DC999007B4CB5 /* RegisterViewViewModel.swift */ = {isa = PBXFileReference; lastKnownFileType = sourcecode.swift; path = RegisterViewViewModel.swift; sourceTree = "<group>"; };
		CC77CEEE2B7DC9A4007B4CB5 /* NewItemViewViewModel.swift */ = {isa = PBXFileReference; lastKnownFileType = sourcecode.swift; path = NewItemViewViewModel.swift; sourceTree = "<group>"; };
		CC77CEF02B7DC9AE007B4CB5 /* ProfileViewViewModel.swift */ = {isa = PBXFileReference; lastKnownFileType = sourcecode.swift; path = ProfileViewViewModel.swift; sourceTree = "<group>"; };
		CC77CEF22B7DC9BC007B4CB5 /* TaskListViewViewModel.swift */ = {isa = PBXFileReference; lastKnownFileType = sourcecode.swift; path = TaskListViewViewModel.swift; sourceTree = "<group>"; };
		CC77CEF62B7DC9D7007B4CB5 /* TaskListItemViewViewModel.swift */ = {isa = PBXFileReference; lastKnownFileType = sourcecode.swift; path = TaskListItemViewViewModel.swift; sourceTree = "<group>"; };
		CC77CEF82B7DC9EA007B4CB5 /* MainViewViewModel.swift */ = {isa = PBXFileReference; lastKnownFileType = sourcecode.swift; path = MainViewViewModel.swift; sourceTree = "<group>"; };
		CC8763302B889CF7002F5717 /* EditProfileView.swift */ = {isa = PBXFileReference; lastKnownFileType = sourcecode.swift; path = EditProfileView.swift; sourceTree = "<group>"; };
		CC8763322B889D04002F5717 /* EditProfileViewViewModel.swift */ = {isa = PBXFileReference; lastKnownFileType = sourcecode.swift; path = EditProfileViewViewModel.swift; sourceTree = "<group>"; };
		CCFCC6532B8852280007D90D /* AboutView.swift */ = {isa = PBXFileReference; lastKnownFileType = sourcecode.swift; path = AboutView.swift; sourceTree = "<group>"; };
		CCFCC6552B8852420007D90D /* PrivacyView.swift */ = {isa = PBXFileReference; lastKnownFileType = sourcecode.swift; path = PrivacyView.swift; sourceTree = "<group>"; };
		CCFCC6572B8852530007D90D /* WidgetView.swift */ = {isa = PBXFileReference; lastKnownFileType = sourcecode.swift; path = WidgetView.swift; sourceTree = "<group>"; };
		CCFCC6592B8852660007D90D /* AboutViewViewModel.swift */ = {isa = PBXFileReference; lastKnownFileType = sourcecode.swift; path = AboutViewViewModel.swift; sourceTree = "<group>"; };
		CCFCC65B2B8852710007D90D /* PrivacyViewViewModel.swift */ = {isa = PBXFileReference; lastKnownFileType = sourcecode.swift; path = PrivacyViewViewModel.swift; sourceTree = "<group>"; };
		CCFCC65D2B88527D0007D90D /* WidgetViewViewModel.swift */ = {isa = PBXFileReference; lastKnownFileType = sourcecode.swift; path = WidgetViewViewModel.swift; sourceTree = "<group>"; };
		CCFCC65F2B8853260007D90D /* BTSettingsButton.swift */ = {isa = PBXFileReference; lastKnownFileType = sourcecode.swift; path = BTSettingsButton.swift; sourceTree = "<group>"; };
/* End PBXFileReference section */

/* Begin PBXFrameworksBuildPhase section */
		CC77CEC02B7DBC93007B4CB5 /* Frameworks */ = {
			isa = PBXFrameworksBuildPhase;
			buildActionMask = 2147483647;
			files = (
				CC744C9C2B7F227D00C3D1C8 /* FirebaseMessaging in Frameworks */,
				CC744C8C2B7F227D00C3D1C8 /* FirebaseFirestoreCombine-Community in Frameworks */,
				CC744C842B7F227D00C3D1C8 /* FirebaseDatabase in Frameworks */,
				CC77CF002B7DCB1C007B4CB5 /* FirebaseAnalyticsSwift in Frameworks */,
				CC744CA42B7F227D00C3D1C8 /* FirebaseStorage in Frameworks */,
				CC77CEFC2B7DCB1C007B4CB5 /* FirebaseAnalytics in Frameworks */,
				CC744C722B7F227D00C3D1C8 /* FirebaseAnalytics in Frameworks */,
				CC744C822B7F227D00C3D1C8 /* FirebaseCrashlytics in Frameworks */,
				CC744C8A2B7F227D00C3D1C8 /* FirebaseFirestore in Frameworks */,
				CC744C882B7F227D00C3D1C8 /* FirebaseDynamicLinks in Frameworks */,
				CC744CA62B7F227D00C3D1C8 /* FirebaseStorageCombine-Community in Frameworks */,
				CC744C742B7F227D00C3D1C8 /* FirebaseAnalyticsOnDeviceConversion in Frameworks */,
				CC744C922B7F227D00C3D1C8 /* FirebaseFunctionsCombine-Community in Frameworks */,
				CC744C962B7F227D00C3D1C8 /* FirebaseInAppMessagingSwift-Beta in Frameworks */,
				CC744C9A2B7F227D00C3D1C8 /* FirebaseMLModelDownloader in Frameworks */,
				CC744C942B7F227D00C3D1C8 /* FirebaseInAppMessaging-Beta in Frameworks */,
				CC744C9E2B7F227D00C3D1C8 /* FirebasePerformance in Frameworks */,
				CC744C802B7F227D00C3D1C8 /* FirebaseAuthCombine-Community in Frameworks */,
				CC744C762B7F227D00C3D1C8 /* FirebaseAnalyticsSwift in Frameworks */,
				CC744C862B7F227D00C3D1C8 /* FirebaseDatabaseSwift in Frameworks */,
				CC77CEFE2B7DCB1C007B4CB5 /* FirebaseAnalyticsOnDeviceConversion in Frameworks */,
				CC744CA02B7F227D00C3D1C8 /* FirebaseRemoteConfig in Frameworks */,
				CC77CF042B7DCB1C007B4CB5 /* FirebaseAppCheck in Frameworks */,
				CC744C7E2B7F227D00C3D1C8 /* FirebaseAuth in Frameworks */,
				CC744C902B7F227D00C3D1C8 /* FirebaseFunctions in Frameworks */,
				CC744C982B7F227D00C3D1C8 /* FirebaseInstallations in Frameworks */,
				CC744C8E2B7F227D00C3D1C8 /* FirebaseFirestoreSwift in Frameworks */,
				CC744C782B7F227D00C3D1C8 /* FirebaseAnalyticsWithoutAdIdSupport in Frameworks */,
				CC744C7A2B7F227D00C3D1C8 /* FirebaseAppCheck in Frameworks */,
				CC744CA22B7F227D00C3D1C8 /* FirebaseRemoteConfigSwift in Frameworks */,
				CC744C7C2B7F227D00C3D1C8 /* FirebaseAppDistribution-Beta in Frameworks */,
				CC77CF022B7DCB1C007B4CB5 /* FirebaseAnalyticsWithoutAdIdSupport in Frameworks */,
			);
			runOnlyForDeploymentPostprocessing = 0;
		};
/* End PBXFrameworksBuildPhase section */

/* Begin PBXGroup section */
		CC77CEBA2B7DBC92007B4CB5 = {
			isa = PBXGroup;
			children = (
				CC77CEC52B7DBC93007B4CB5 /* BokuTasks */,
				CC77CEC42B7DBC93007B4CB5 /* Products */,
			);
			sourceTree = "<group>";
		};
		CC77CEC42B7DBC93007B4CB5 /* Products */ = {
			isa = PBXGroup;
			children = (
				CC77CEC32B7DBC93007B4CB5 /* BokuTasks.app */,
			);
			name = Products;
			sourceTree = "<group>";
		};
		CC77CEC52B7DBC93007B4CB5 /* BokuTasks */ = {
			isa = PBXGroup;
			children = (
				CC77CED72B7DC847007B4CB5 /* Support */,
				CC77CED62B7DC83E007B4CB5 /* ViewModels */,
				CC77CED52B7DC838007B4CB5 /* Views */,
				CC77CED42B7DC831007B4CB5 /* Models */,
				CC77CECC2B7DBC95007B4CB5 /* Preview Content */,
			);
			path = BokuTasks;
			sourceTree = "<group>";
		};
		CC77CECC2B7DBC95007B4CB5 /* Preview Content */ = {
			isa = PBXGroup;
			children = (
				CC77CECD2B7DBC95007B4CB5 /* Preview Assets.xcassets */,
			);
			path = "Preview Content";
			sourceTree = "<group>";
		};
		CC77CED42B7DC831007B4CB5 /* Models */ = {
			isa = PBXGroup;
			children = (
				CC77CED82B7DC856007B4CB5 /* Users.swift */,
				CC77CEDA2B7DC878007B4CB5 /* TaskItem.swift */,
			);
			path = Models;
			sourceTree = "<group>";
		};
		CC77CED52B7DC838007B4CB5 /* Views */ = {
			isa = PBXGroup;
			children = (
				CC77CEDC2B7DC8B3007B4CB5 /* LoginView.swift */,
				CC77CEDE2B7DC8BF007B4CB5 /* RegisterView.swift */,
				CC77CEC82B7DBC93007B4CB5 /* MainView.swift */,
				CC77CEE02B7DC8F0007B4CB5 /* NewItemView.swift */,
				CC77CEE22B7DC908007B4CB5 /* ProfileView.swift */,
				CC77CEE42B7DC930007B4CB5 /* TaskListView.swift */,
				CC77CEE82B7DC95F007B4CB5 /* TaskListItemView.swift */,
				CC744C6B2B7F00C300C3D1C8 /* AuthenticationView.swift */,
				CC744C6D2B7F013300C3D1C8 /* BTAuthButton.swift */,
				CC5481982B804E45000BB7A6 /* CalendarView.swift */,
				CC5481A02B8058CB000BB7A6 /* BTButton.swift */,
				CCFCC6532B8852280007D90D /* AboutView.swift */,
				CCFCC6552B8852420007D90D /* PrivacyView.swift */,
				CCFCC6572B8852530007D90D /* WidgetView.swift */,
				CCFCC65F2B8853260007D90D /* BTSettingsButton.swift */,
				CC8763302B889CF7002F5717 /* EditProfileView.swift */,
				CC160BF22B8C5AEA007D248A /* SplashView.swift */,
			);
			path = Views;
			sourceTree = "<group>";
		};
		CC77CED62B7DC83E007B4CB5 /* ViewModels */ = {
			isa = PBXGroup;
			children = (
				CC77CEEA2B7DC98E007B4CB5 /* LoginViewViewModel.swift */,
				CC77CEEC2B7DC999007B4CB5 /* RegisterViewViewModel.swift */,
				CC77CEEE2B7DC9A4007B4CB5 /* NewItemViewViewModel.swift */,
				CC77CEF02B7DC9AE007B4CB5 /* ProfileViewViewModel.swift */,
				CC77CEF22B7DC9BC007B4CB5 /* TaskListViewViewModel.swift */,
				CC77CEF62B7DC9D7007B4CB5 /* TaskListItemViewViewModel.swift */,
				CC77CEF82B7DC9EA007B4CB5 /* MainViewViewModel.swift */,
				CC54819C2B804ED3000BB7A6 /* CalendarViewViewModel.swift */,
				CCFCC6592B8852660007D90D /* AboutViewViewModel.swift */,
				CCFCC65B2B8852710007D90D /* PrivacyViewViewModel.swift */,
				CCFCC65D2B88527D0007D90D /* WidgetViewViewModel.swift */,
				CC8763322B889D04002F5717 /* EditProfileViewViewModel.swift */,
			);
			path = ViewModels;
			sourceTree = "<group>";
		};
		CC77CED72B7DC847007B4CB5 /* Support */ = {
			isa = PBXGroup;
			children = (
				CC744CA72B7F29A300C3D1C8 /* GoogleService-Info.plist */,
				CC77CEC62B7DBC93007B4CB5 /* BokuTasksApp.swift */,
				CC77CECA2B7DBC95007B4CB5 /* Assets.xcassets */,
				CC744C6F2B7F0C0500C3D1C8 /* Extensions.swift */,
			);
			path = Support;
			sourceTree = "<group>";
		};
/* End PBXGroup section */

/* Begin PBXNativeTarget section */
		CC77CEC22B7DBC93007B4CB5 /* BokuTasks */ = {
			isa = PBXNativeTarget;
			buildConfigurationList = CC77CED12B7DBC95007B4CB5 /* Build configuration list for PBXNativeTarget "BokuTasks" */;
			buildPhases = (
				CC77CEBF2B7DBC93007B4CB5 /* Sources */,
				CC77CEC02B7DBC93007B4CB5 /* Frameworks */,
				CC77CEC12B7DBC93007B4CB5 /* Resources */,
			);
			buildRules = (
			);
			dependencies = (
			);
			name = BokuTasks;
			packageProductDependencies = (
				CC77CEFB2B7DCB1C007B4CB5 /* FirebaseAnalytics */,
				CC77CEFD2B7DCB1C007B4CB5 /* FirebaseAnalyticsOnDeviceConversion */,
				CC77CEFF2B7DCB1C007B4CB5 /* FirebaseAnalyticsSwift */,
				CC77CF012B7DCB1C007B4CB5 /* FirebaseAnalyticsWithoutAdIdSupport */,
				CC77CF032B7DCB1C007B4CB5 /* FirebaseAppCheck */,
				CC744C712B7F227D00C3D1C8 /* FirebaseAnalytics */,
				CC744C732B7F227D00C3D1C8 /* FirebaseAnalyticsOnDeviceConversion */,
				CC744C752B7F227D00C3D1C8 /* FirebaseAnalyticsSwift */,
				CC744C772B7F227D00C3D1C8 /* FirebaseAnalyticsWithoutAdIdSupport */,
				CC744C792B7F227D00C3D1C8 /* FirebaseAppCheck */,
				CC744C7B2B7F227D00C3D1C8 /* FirebaseAppDistribution-Beta */,
				CC744C7D2B7F227D00C3D1C8 /* FirebaseAuth */,
				CC744C7F2B7F227D00C3D1C8 /* FirebaseAuthCombine-Community */,
				CC744C812B7F227D00C3D1C8 /* FirebaseCrashlytics */,
				CC744C832B7F227D00C3D1C8 /* FirebaseDatabase */,
				CC744C852B7F227D00C3D1C8 /* FirebaseDatabaseSwift */,
				CC744C872B7F227D00C3D1C8 /* FirebaseDynamicLinks */,
				CC744C892B7F227D00C3D1C8 /* FirebaseFirestore */,
				CC744C8B2B7F227D00C3D1C8 /* FirebaseFirestoreCombine-Community */,
				CC744C8D2B7F227D00C3D1C8 /* FirebaseFirestoreSwift */,
				CC744C8F2B7F227D00C3D1C8 /* FirebaseFunctions */,
				CC744C912B7F227D00C3D1C8 /* FirebaseFunctionsCombine-Community */,
				CC744C932B7F227D00C3D1C8 /* FirebaseInAppMessaging-Beta */,
				CC744C952B7F227D00C3D1C8 /* FirebaseInAppMessagingSwift-Beta */,
				CC744C972B7F227D00C3D1C8 /* FirebaseInstallations */,
				CC744C992B7F227D00C3D1C8 /* FirebaseMLModelDownloader */,
				CC744C9B2B7F227D00C3D1C8 /* FirebaseMessaging */,
				CC744C9D2B7F227D00C3D1C8 /* FirebasePerformance */,
				CC744C9F2B7F227D00C3D1C8 /* FirebaseRemoteConfig */,
				CC744CA12B7F227D00C3D1C8 /* FirebaseRemoteConfigSwift */,
				CC744CA32B7F227D00C3D1C8 /* FirebaseStorage */,
				CC744CA52B7F227D00C3D1C8 /* FirebaseStorageCombine-Community */,
			);
			productName = BokuTasks;
			productReference = CC77CEC32B7DBC93007B4CB5 /* BokuTasks.app */;
			productType = "com.apple.product-type.application";
		};
/* End PBXNativeTarget section */

/* Begin PBXProject section */
		CC77CEBB2B7DBC92007B4CB5 /* Project object */ = {
			isa = PBXProject;
			attributes = {
				BuildIndependentTargetsInParallel = 1;
				LastSwiftUpdateCheck = 1520;
				LastUpgradeCheck = 1520;
				TargetAttributes = {
					CC77CEC22B7DBC93007B4CB5 = {
						CreatedOnToolsVersion = 15.2;
					};
				};
			};
			buildConfigurationList = CC77CEBE2B7DBC92007B4CB5 /* Build configuration list for PBXProject "BokuTasks" */;
			compatibilityVersion = "Xcode 14.0";
			developmentRegion = en;
			hasScannedForEncodings = 0;
			knownRegions = (
				en,
				Base,
			);
			mainGroup = CC77CEBA2B7DBC92007B4CB5;
			packageReferences = (
				CC77CEFA2B7DCB1C007B4CB5 /* XCRemoteSwiftPackageReference "firebase-ios-sdk" */,
			);
			productRefGroup = CC77CEC42B7DBC93007B4CB5 /* Products */;
			projectDirPath = "";
			projectRoot = "";
			targets = (
				CC77CEC22B7DBC93007B4CB5 /* BokuTasks */,
			);
		};
/* End PBXProject section */

/* Begin PBXResourcesBuildPhase section */
		CC77CEC12B7DBC93007B4CB5 /* Resources */ = {
			isa = PBXResourcesBuildPhase;
			buildActionMask = 2147483647;
			files = (
				CC77CECE2B7DBC95007B4CB5 /* Preview Assets.xcassets in Resources */,
				CC77CECB2B7DBC95007B4CB5 /* Assets.xcassets in Resources */,
				CC744CA82B7F29A300C3D1C8 /* GoogleService-Info.plist in Resources */,
			);
			runOnlyForDeploymentPostprocessing = 0;
		};
/* End PBXResourcesBuildPhase section */

/* Begin PBXSourcesBuildPhase section */
		CC77CEBF2B7DBC93007B4CB5 /* Sources */ = {
			isa = PBXSourcesBuildPhase;
			buildActionMask = 2147483647;
			files = (
				CC77CEE32B7DC908007B4CB5 /* ProfileView.swift in Sources */,
				CCFCC65E2B88527D0007D90D /* WidgetViewViewModel.swift in Sources */,
				CC77CEC92B7DBC93007B4CB5 /* MainView.swift in Sources */,
				CC77CEF12B7DC9AE007B4CB5 /* ProfileViewViewModel.swift in Sources */,
				CC744C6E2B7F013300C3D1C8 /* BTAuthButton.swift in Sources */,
				CCFCC6562B8852420007D90D /* PrivacyView.swift in Sources */,
				CCFCC6602B8853260007D90D /* BTSettingsButton.swift in Sources */,
				CC77CEE52B7DC930007B4CB5 /* TaskListView.swift in Sources */,
				CC77CED92B7DC856007B4CB5 /* Users.swift in Sources */,
				CC5481992B804E45000BB7A6 /* CalendarView.swift in Sources */,
				CC77CEE12B7DC8F0007B4CB5 /* NewItemView.swift in Sources */,
				CC77CEE92B7DC95F007B4CB5 /* TaskListItemView.swift in Sources */,
				CC744C702B7F0C0500C3D1C8 /* Extensions.swift in Sources */,
				CC77CEC72B7DBC93007B4CB5 /* BokuTasksApp.swift in Sources */,
				CCFCC6582B8852530007D90D /* WidgetView.swift in Sources */,
				CC77CEED2B7DC999007B4CB5 /* RegisterViewViewModel.swift in Sources */,
				CCFCC65C2B8852710007D90D /* PrivacyViewViewModel.swift in Sources */,
				CC5481A12B8058CB000BB7A6 /* BTButton.swift in Sources */,
				CC77CEEB2B7DC98E007B4CB5 /* LoginViewViewModel.swift in Sources */,
				CC77CEF72B7DC9D7007B4CB5 /* TaskListItemViewViewModel.swift in Sources */,
				CC54819D2B804ED3000BB7A6 /* CalendarViewViewModel.swift in Sources */,
				CC8763312B889CF7002F5717 /* EditProfileView.swift in Sources */,
				CCFCC6542B8852280007D90D /* AboutView.swift in Sources */,
				CC160BF32B8C5AEA007D248A /* SplashView.swift in Sources */,
				CC8763332B889D04002F5717 /* EditProfileViewViewModel.swift in Sources */,
				CC77CEDF2B7DC8BF007B4CB5 /* RegisterView.swift in Sources */,
				CCFCC65A2B8852660007D90D /* AboutViewViewModel.swift in Sources */,
				CC77CEDD2B7DC8B3007B4CB5 /* LoginView.swift in Sources */,
				CC744C6C2B7F00C300C3D1C8 /* AuthenticationView.swift in Sources */,
				CC77CEF32B7DC9BC007B4CB5 /* TaskListViewViewModel.swift in Sources */,
				CC77CEF92B7DC9EA007B4CB5 /* MainViewViewModel.swift in Sources */,
				CC77CEDB2B7DC879007B4CB5 /* TaskItem.swift in Sources */,
				CC77CEEF2B7DC9A4007B4CB5 /* NewItemViewViewModel.swift in Sources */,
			);
			runOnlyForDeploymentPostprocessing = 0;
		};
/* End PBXSourcesBuildPhase section */

/* Begin XCBuildConfiguration section */
		CC77CECF2B7DBC95007B4CB5 /* Debug */ = {
			isa = XCBuildConfiguration;
			buildSettings = {
				ALWAYS_SEARCH_USER_PATHS = NO;
				ASSETCATALOG_COMPILER_GENERATE_SWIFT_ASSET_SYMBOL_EXTENSIONS = YES;
				CLANG_ANALYZER_NONNULL = YES;
				CLANG_ANALYZER_NUMBER_OBJECT_CONVERSION = YES_AGGRESSIVE;
				CLANG_CXX_LANGUAGE_STANDARD = "gnu++20";
				CLANG_ENABLE_MODULES = YES;
				CLANG_ENABLE_OBJC_ARC = YES;
				CLANG_ENABLE_OBJC_WEAK = YES;
				CLANG_WARN_BLOCK_CAPTURE_AUTORELEASING = YES;
				CLANG_WARN_BOOL_CONVERSION = YES;
				CLANG_WARN_COMMA = YES;
				CLANG_WARN_CONSTANT_CONVERSION = YES;
				CLANG_WARN_DEPRECATED_OBJC_IMPLEMENTATIONS = YES;
				CLANG_WARN_DIRECT_OBJC_ISA_USAGE = YES_ERROR;
				CLANG_WARN_DOCUMENTATION_COMMENTS = YES;
				CLANG_WARN_EMPTY_BODY = YES;
				CLANG_WARN_ENUM_CONVERSION = YES;
				CLANG_WARN_INFINITE_RECURSION = YES;
				CLANG_WARN_INT_CONVERSION = YES;
				CLANG_WARN_NON_LITERAL_NULL_CONVERSION = YES;
				CLANG_WARN_OBJC_IMPLICIT_RETAIN_SELF = YES;
				CLANG_WARN_OBJC_LITERAL_CONVERSION = YES;
				CLANG_WARN_OBJC_ROOT_CLASS = YES_ERROR;
				CLANG_WARN_QUOTED_INCLUDE_IN_FRAMEWORK_HEADER = YES;
				CLANG_WARN_RANGE_LOOP_ANALYSIS = YES;
				CLANG_WARN_STRICT_PROTOTYPES = YES;
				CLANG_WARN_SUSPICIOUS_MOVE = YES;
				CLANG_WARN_UNGUARDED_AVAILABILITY = YES_AGGRESSIVE;
				CLANG_WARN_UNREACHABLE_CODE = YES;
				CLANG_WARN__DUPLICATE_METHOD_MATCH = YES;
				COPY_PHASE_STRIP = NO;
				DEBUG_INFORMATION_FORMAT = dwarf;
				ENABLE_STRICT_OBJC_MSGSEND = YES;
				ENABLE_TESTABILITY = YES;
				ENABLE_USER_SCRIPT_SANDBOXING = YES;
				GCC_C_LANGUAGE_STANDARD = gnu17;
				GCC_DYNAMIC_NO_PIC = NO;
				GCC_NO_COMMON_BLOCKS = YES;
				GCC_OPTIMIZATION_LEVEL = 0;
				GCC_PREPROCESSOR_DEFINITIONS = (
					"DEBUG=1",
					"$(inherited)",
				);
				GCC_WARN_64_TO_32_BIT_CONVERSION = YES;
				GCC_WARN_ABOUT_RETURN_TYPE = YES_ERROR;
				GCC_WARN_UNDECLARED_SELECTOR = YES;
				GCC_WARN_UNINITIALIZED_AUTOS = YES_AGGRESSIVE;
				GCC_WARN_UNUSED_FUNCTION = YES;
				GCC_WARN_UNUSED_VARIABLE = YES;
				IPHONEOS_DEPLOYMENT_TARGET = 17.2;
				LOCALIZATION_PREFERS_STRING_CATALOGS = YES;
				MTL_ENABLE_DEBUG_INFO = INCLUDE_SOURCE;
				MTL_FAST_MATH = YES;
				ONLY_ACTIVE_ARCH = YES;
				SDKROOT = iphoneos;
				SWIFT_ACTIVE_COMPILATION_CONDITIONS = "DEBUG $(inherited)";
				SWIFT_OPTIMIZATION_LEVEL = "-Onone";
			};
			name = Debug;
		};
		CC77CED02B7DBC95007B4CB5 /* Release */ = {
			isa = XCBuildConfiguration;
			buildSettings = {
				ALWAYS_SEARCH_USER_PATHS = NO;
				ASSETCATALOG_COMPILER_GENERATE_SWIFT_ASSET_SYMBOL_EXTENSIONS = YES;
				CLANG_ANALYZER_NONNULL = YES;
				CLANG_ANALYZER_NUMBER_OBJECT_CONVERSION = YES_AGGRESSIVE;
				CLANG_CXX_LANGUAGE_STANDARD = "gnu++20";
				CLANG_ENABLE_MODULES = YES;
				CLANG_ENABLE_OBJC_ARC = YES;
				CLANG_ENABLE_OBJC_WEAK = YES;
				CLANG_WARN_BLOCK_CAPTURE_AUTORELEASING = YES;
				CLANG_WARN_BOOL_CONVERSION = YES;
				CLANG_WARN_COMMA = YES;
				CLANG_WARN_CONSTANT_CONVERSION = YES;
				CLANG_WARN_DEPRECATED_OBJC_IMPLEMENTATIONS = YES;
				CLANG_WARN_DIRECT_OBJC_ISA_USAGE = YES_ERROR;
				CLANG_WARN_DOCUMENTATION_COMMENTS = YES;
				CLANG_WARN_EMPTY_BODY = YES;
				CLANG_WARN_ENUM_CONVERSION = YES;
				CLANG_WARN_INFINITE_RECURSION = YES;
				CLANG_WARN_INT_CONVERSION = YES;
				CLANG_WARN_NON_LITERAL_NULL_CONVERSION = YES;
				CLANG_WARN_OBJC_IMPLICIT_RETAIN_SELF = YES;
				CLANG_WARN_OBJC_LITERAL_CONVERSION = YES;
				CLANG_WARN_OBJC_ROOT_CLASS = YES_ERROR;
				CLANG_WARN_QUOTED_INCLUDE_IN_FRAMEWORK_HEADER = YES;
				CLANG_WARN_RANGE_LOOP_ANALYSIS = YES;
				CLANG_WARN_STRICT_PROTOTYPES = YES;
				CLANG_WARN_SUSPICIOUS_MOVE = YES;
				CLANG_WARN_UNGUARDED_AVAILABILITY = YES_AGGRESSIVE;
				CLANG_WARN_UNREACHABLE_CODE = YES;
				CLANG_WARN__DUPLICATE_METHOD_MATCH = YES;
				COPY_PHASE_STRIP = NO;
				DEBUG_INFORMATION_FORMAT = "dwarf-with-dsym";
				ENABLE_NS_ASSERTIONS = NO;
				ENABLE_STRICT_OBJC_MSGSEND = YES;
				ENABLE_USER_SCRIPT_SANDBOXING = YES;
				GCC_C_LANGUAGE_STANDARD = gnu17;
				GCC_NO_COMMON_BLOCKS = YES;
				GCC_WARN_64_TO_32_BIT_CONVERSION = YES;
				GCC_WARN_ABOUT_RETURN_TYPE = YES_ERROR;
				GCC_WARN_UNDECLARED_SELECTOR = YES;
				GCC_WARN_UNINITIALIZED_AUTOS = YES_AGGRESSIVE;
				GCC_WARN_UNUSED_FUNCTION = YES;
				GCC_WARN_UNUSED_VARIABLE = YES;
				IPHONEOS_DEPLOYMENT_TARGET = 17.2;
				LOCALIZATION_PREFERS_STRING_CATALOGS = YES;
				MTL_ENABLE_DEBUG_INFO = NO;
				MTL_FAST_MATH = YES;
				SDKROOT = iphoneos;
				SWIFT_COMPILATION_MODE = wholemodule;
				VALIDATE_PRODUCT = YES;
			};
			name = Release;
		};
		CC77CED22B7DBC95007B4CB5 /* Debug */ = {
			isa = XCBuildConfiguration;
			buildSettings = {
				ASSETCATALOG_COMPILER_APPICON_NAME = AppIcon;
				ASSETCATALOG_COMPILER_GLOBAL_ACCENT_COLOR_NAME = AccentColor;
				CODE_SIGN_STYLE = Automatic;
				CURRENT_PROJECT_VERSION = 1;
				DEVELOPMENT_ASSET_PATHS = "\"BokuTasks/Preview Content\"";
				DEVELOPMENT_TEAM = 792SAN8W5Y;
				ENABLE_PREVIEWS = YES;
				GENERATE_INFOPLIST_FILE = YES;
				INFOPLIST_KEY_UIApplicationSceneManifest_Generation = YES;
				INFOPLIST_KEY_UIApplicationSupportsIndirectInputEvents = YES;
				INFOPLIST_KEY_UILaunchScreen_Generation = YES;
				INFOPLIST_KEY_UILaunchStoryboardName = "";
				INFOPLIST_KEY_UISupportedInterfaceOrientations = UIInterfaceOrientationPortrait;
				LD_RUNPATH_SEARCH_PATHS = (
					"$(inherited)",
					"@executable_path/Frameworks",
				);
				MARKETING_VERSION = 1.0;
				PRODUCT_BUNDLE_IDENTIFIER = krishmittal.BokuTasks;
				PRODUCT_NAME = "$(TARGET_NAME)";
				SWIFT_EMIT_LOC_STRINGS = YES;
				SWIFT_VERSION = 5.0;
				TARGETED_DEVICE_FAMILY = "1,2";
			};
			name = Debug;
		};
		CC77CED32B7DBC95007B4CB5 /* Release */ = {
			isa = XCBuildConfiguration;
			buildSettings = {
				ASSETCATALOG_COMPILER_APPICON_NAME = AppIcon;
				ASSETCATALOG_COMPILER_GLOBAL_ACCENT_COLOR_NAME = AccentColor;
				CODE_SIGN_STYLE = Automatic;
				CURRENT_PROJECT_VERSION = 1;
				DEVELOPMENT_ASSET_PATHS = "\"BokuTasks/Preview Content\"";
				DEVELOPMENT_TEAM = 792SAN8W5Y;
				ENABLE_PREVIEWS = YES;
				GENERATE_INFOPLIST_FILE = YES;
				INFOPLIST_KEY_UIApplicationSceneManifest_Generation = YES;
				INFOPLIST_KEY_UIApplicationSupportsIndirectInputEvents = YES;
				INFOPLIST_KEY_UILaunchScreen_Generation = YES;
				INFOPLIST_KEY_UILaunchStoryboardName = "";
				INFOPLIST_KEY_UISupportedInterfaceOrientations = UIInterfaceOrientationPortrait;
				LD_RUNPATH_SEARCH_PATHS = (
					"$(inherited)",
					"@executable_path/Frameworks",
				);
				MARKETING_VERSION = 1.0;
				PRODUCT_BUNDLE_IDENTIFIER = krishmittal.BokuTasks;
				PRODUCT_NAME = "$(TARGET_NAME)";
				SWIFT_EMIT_LOC_STRINGS = YES;
				SWIFT_VERSION = 5.0;
				TARGETED_DEVICE_FAMILY = "1,2";
			};
			name = Release;
		};
/* End XCBuildConfiguration section */

/* Begin XCConfigurationList section */
		CC77CEBE2B7DBC92007B4CB5 /* Build configuration list for PBXProject "BokuTasks" */ = {
			isa = XCConfigurationList;
			buildConfigurations = (
				CC77CECF2B7DBC95007B4CB5 /* Debug */,
				CC77CED02B7DBC95007B4CB5 /* Release */,
			);
			defaultConfigurationIsVisible = 0;
			defaultConfigurationName = Release;
		};
		CC77CED12B7DBC95007B4CB5 /* Build configuration list for PBXNativeTarget "BokuTasks" */ = {
			isa = XCConfigurationList;
			buildConfigurations = (
				CC77CED22B7DBC95007B4CB5 /* Debug */,
				CC77CED32B7DBC95007B4CB5 /* Release */,
			);
			defaultConfigurationIsVisible = 0;
			defaultConfigurationName = Release;
		};
/* End XCConfigurationList section */

/* Begin XCRemoteSwiftPackageReference section */
		CC77CEFA2B7DCB1C007B4CB5 /* XCRemoteSwiftPackageReference "firebase-ios-sdk" */ = {
			isa = XCRemoteSwiftPackageReference;
			repositoryURL = "https://github.com/firebase/firebase-ios-sdk";
			requirement = {
				kind = upToNextMajorVersion;
				minimumVersion = 10.21.0;
			};
		};
/* End XCRemoteSwiftPackageReference section */

/* Begin XCSwiftPackageProductDependency section */
		CC744C712B7F227D00C3D1C8 /* FirebaseAnalytics */ = {
			isa = XCSwiftPackageProductDependency;
			package = CC77CEFA2B7DCB1C007B4CB5 /* XCRemoteSwiftPackageReference "firebase-ios-sdk" */;
			productName = FirebaseAnalytics;
		};
		CC744C732B7F227D00C3D1C8 /* FirebaseAnalyticsOnDeviceConversion */ = {
			isa = XCSwiftPackageProductDependency;
			package = CC77CEFA2B7DCB1C007B4CB5 /* XCRemoteSwiftPackageReference "firebase-ios-sdk" */;
			productName = FirebaseAnalyticsOnDeviceConversion;
		};
		CC744C752B7F227D00C3D1C8 /* FirebaseAnalyticsSwift */ = {
			isa = XCSwiftPackageProductDependency;
			package = CC77CEFA2B7DCB1C007B4CB5 /* XCRemoteSwiftPackageReference "firebase-ios-sdk" */;
			productName = FirebaseAnalyticsSwift;
		};
		CC744C772B7F227D00C3D1C8 /* FirebaseAnalyticsWithoutAdIdSupport */ = {
			isa = XCSwiftPackageProductDependency;
			package = CC77CEFA2B7DCB1C007B4CB5 /* XCRemoteSwiftPackageReference "firebase-ios-sdk" */;
			productName = FirebaseAnalyticsWithoutAdIdSupport;
		};
		CC744C792B7F227D00C3D1C8 /* FirebaseAppCheck */ = {
			isa = XCSwiftPackageProductDependency;
			package = CC77CEFA2B7DCB1C007B4CB5 /* XCRemoteSwiftPackageReference "firebase-ios-sdk" */;
			productName = FirebaseAppCheck;
		};
		CC744C7B2B7F227D00C3D1C8 /* FirebaseAppDistribution-Beta */ = {
			isa = XCSwiftPackageProductDependency;
			package = CC77CEFA2B7DCB1C007B4CB5 /* XCRemoteSwiftPackageReference "firebase-ios-sdk" */;
			productName = "FirebaseAppDistribution-Beta";
		};
		CC744C7D2B7F227D00C3D1C8 /* FirebaseAuth */ = {
			isa = XCSwiftPackageProductDependency;
			package = CC77CEFA2B7DCB1C007B4CB5 /* XCRemoteSwiftPackageReference "firebase-ios-sdk" */;
			productName = FirebaseAuth;
		};
		CC744C7F2B7F227D00C3D1C8 /* FirebaseAuthCombine-Community */ = {
			isa = XCSwiftPackageProductDependency;
			package = CC77CEFA2B7DCB1C007B4CB5 /* XCRemoteSwiftPackageReference "firebase-ios-sdk" */;
			productName = "FirebaseAuthCombine-Community";
		};
		CC744C812B7F227D00C3D1C8 /* FirebaseCrashlytics */ = {
			isa = XCSwiftPackageProductDependency;
			package = CC77CEFA2B7DCB1C007B4CB5 /* XCRemoteSwiftPackageReference "firebase-ios-sdk" */;
			productName = FirebaseCrashlytics;
		};
		CC744C832B7F227D00C3D1C8 /* FirebaseDatabase */ = {
			isa = XCSwiftPackageProductDependency;
			package = CC77CEFA2B7DCB1C007B4CB5 /* XCRemoteSwiftPackageReference "firebase-ios-sdk" */;
			productName = FirebaseDatabase;
		};
		CC744C852B7F227D00C3D1C8 /* FirebaseDatabaseSwift */ = {
			isa = XCSwiftPackageProductDependency;
			package = CC77CEFA2B7DCB1C007B4CB5 /* XCRemoteSwiftPackageReference "firebase-ios-sdk" */;
			productName = FirebaseDatabaseSwift;
		};
		CC744C872B7F227D00C3D1C8 /* FirebaseDynamicLinks */ = {
			isa = XCSwiftPackageProductDependency;
			package = CC77CEFA2B7DCB1C007B4CB5 /* XCRemoteSwiftPackageReference "firebase-ios-sdk" */;
			productName = FirebaseDynamicLinks;
		};
		CC744C892B7F227D00C3D1C8 /* FirebaseFirestore */ = {
			isa = XCSwiftPackageProductDependency;
			package = CC77CEFA2B7DCB1C007B4CB5 /* XCRemoteSwiftPackageReference "firebase-ios-sdk" */;
			productName = FirebaseFirestore;
		};
		CC744C8B2B7F227D00C3D1C8 /* FirebaseFirestoreCombine-Community */ = {
			isa = XCSwiftPackageProductDependency;
			package = CC77CEFA2B7DCB1C007B4CB5 /* XCRemoteSwiftPackageReference "firebase-ios-sdk" */;
			productName = "FirebaseFirestoreCombine-Community";
		};
		CC744C8D2B7F227D00C3D1C8 /* FirebaseFirestoreSwift */ = {
			isa = XCSwiftPackageProductDependency;
			package = CC77CEFA2B7DCB1C007B4CB5 /* XCRemoteSwiftPackageReference "firebase-ios-sdk" */;
			productName = FirebaseFirestoreSwift;
		};
		CC744C8F2B7F227D00C3D1C8 /* FirebaseFunctions */ = {
			isa = XCSwiftPackageProductDependency;
			package = CC77CEFA2B7DCB1C007B4CB5 /* XCRemoteSwiftPackageReference "firebase-ios-sdk" */;
			productName = FirebaseFunctions;
		};
		CC744C912B7F227D00C3D1C8 /* FirebaseFunctionsCombine-Community */ = {
			isa = XCSwiftPackageProductDependency;
			package = CC77CEFA2B7DCB1C007B4CB5 /* XCRemoteSwiftPackageReference "firebase-ios-sdk" */;
			productName = "FirebaseFunctionsCombine-Community";
		};
		CC744C932B7F227D00C3D1C8 /* FirebaseInAppMessaging-Beta */ = {
			isa = XCSwiftPackageProductDependency;
			package = CC77CEFA2B7DCB1C007B4CB5 /* XCRemoteSwiftPackageReference "firebase-ios-sdk" */;
			productName = "FirebaseInAppMessaging-Beta";
		};
		CC744C952B7F227D00C3D1C8 /* FirebaseInAppMessagingSwift-Beta */ = {
			isa = XCSwiftPackageProductDependency;
			package = CC77CEFA2B7DCB1C007B4CB5 /* XCRemoteSwiftPackageReference "firebase-ios-sdk" */;
			productName = "FirebaseInAppMessagingSwift-Beta";
		};
		CC744C972B7F227D00C3D1C8 /* FirebaseInstallations */ = {
			isa = XCSwiftPackageProductDependency;
			package = CC77CEFA2B7DCB1C007B4CB5 /* XCRemoteSwiftPackageReference "firebase-ios-sdk" */;
			productName = FirebaseInstallations;
		};
		CC744C992B7F227D00C3D1C8 /* FirebaseMLModelDownloader */ = {
			isa = XCSwiftPackageProductDependency;
			package = CC77CEFA2B7DCB1C007B4CB5 /* XCRemoteSwiftPackageReference "firebase-ios-sdk" */;
			productName = FirebaseMLModelDownloader;
		};
		CC744C9B2B7F227D00C3D1C8 /* FirebaseMessaging */ = {
			isa = XCSwiftPackageProductDependency;
			package = CC77CEFA2B7DCB1C007B4CB5 /* XCRemoteSwiftPackageReference "firebase-ios-sdk" */;
			productName = FirebaseMessaging;
		};
		CC744C9D2B7F227D00C3D1C8 /* FirebasePerformance */ = {
			isa = XCSwiftPackageProductDependency;
			package = CC77CEFA2B7DCB1C007B4CB5 /* XCRemoteSwiftPackageReference "firebase-ios-sdk" */;
			productName = FirebasePerformance;
		};
		CC744C9F2B7F227D00C3D1C8 /* FirebaseRemoteConfig */ = {
			isa = XCSwiftPackageProductDependency;
			package = CC77CEFA2B7DCB1C007B4CB5 /* XCRemoteSwiftPackageReference "firebase-ios-sdk" */;
			productName = FirebaseRemoteConfig;
		};
		CC744CA12B7F227D00C3D1C8 /* FirebaseRemoteConfigSwift */ = {
			isa = XCSwiftPackageProductDependency;
			package = CC77CEFA2B7DCB1C007B4CB5 /* XCRemoteSwiftPackageReference "firebase-ios-sdk" */;
			productName = FirebaseRemoteConfigSwift;
		};
		CC744CA32B7F227D00C3D1C8 /* FirebaseStorage */ = {
			isa = XCSwiftPackageProductDependency;
			package = CC77CEFA2B7DCB1C007B4CB5 /* XCRemoteSwiftPackageReference "firebase-ios-sdk" */;
			productName = FirebaseStorage;
		};
		CC744CA52B7F227D00C3D1C8 /* FirebaseStorageCombine-Community */ = {
			isa = XCSwiftPackageProductDependency;
			package = CC77CEFA2B7DCB1C007B4CB5 /* XCRemoteSwiftPackageReference "firebase-ios-sdk" */;
			productName = "FirebaseStorageCombine-Community";
		};
		CC77CEFB2B7DCB1C007B4CB5 /* FirebaseAnalytics */ = {
			isa = XCSwiftPackageProductDependency;
			package = CC77CEFA2B7DCB1C007B4CB5 /* XCRemoteSwiftPackageReference "firebase-ios-sdk" */;
			productName = FirebaseAnalytics;
		};
		CC77CEFD2B7DCB1C007B4CB5 /* FirebaseAnalyticsOnDeviceConversion */ = {
			isa = XCSwiftPackageProductDependency;
			package = CC77CEFA2B7DCB1C007B4CB5 /* XCRemoteSwiftPackageReference "firebase-ios-sdk" */;
			productName = FirebaseAnalyticsOnDeviceConversion;
		};
		CC77CEFF2B7DCB1C007B4CB5 /* FirebaseAnalyticsSwift */ = {
			isa = XCSwiftPackageProductDependency;
			package = CC77CEFA2B7DCB1C007B4CB5 /* XCRemoteSwiftPackageReference "firebase-ios-sdk" */;
			productName = FirebaseAnalyticsSwift;
		};
		CC77CF012B7DCB1C007B4CB5 /* FirebaseAnalyticsWithoutAdIdSupport */ = {
			isa = XCSwiftPackageProductDependency;
			package = CC77CEFA2B7DCB1C007B4CB5 /* XCRemoteSwiftPackageReference "firebase-ios-sdk" */;
			productName = FirebaseAnalyticsWithoutAdIdSupport;
		};
		CC77CF032B7DCB1C007B4CB5 /* FirebaseAppCheck */ = {
			isa = XCSwiftPackageProductDependency;
			package = CC77CEFA2B7DCB1C007B4CB5 /* XCRemoteSwiftPackageReference "firebase-ios-sdk" */;
			productName = FirebaseAppCheck;
		};
/* End XCSwiftPackageProductDependency section */
	};
	rootObject = CC77CEBB2B7DBC92007B4CB5 /* Project object */;
}
